
Microsoft Visual Studio Solution File, Format Version 12.00
# Visual Studio Version 17
VisualStudioVersion = 17.5.002.0
MinimumVisualStudioVersion = 10.0.40219.1
Project("{9A19103F-16F7-4668-BE54-9A1E7A4F7556}") = "APIBookstore", "APIBookstore.csproj", "{DD254D70-ED23-42D8-9706-7FA7D119AC39}"
EndProject
Global
	GlobalSection(SolutionConfigurationPlatforms) = preSolution
		Debug|Any CPU = Debug|Any CPU
		Release|Any CPU = Release|Any CPU
	EndGlobalSection
	GlobalSection(ProjectConfigurationPlatforms) = postSolution
		{DD254D70-ED23-42D8-9706-7FA7D119AC39}.Debug|Any CPU.ActiveCfg = Debug|Any CPU
		{DD254D70-ED23-42D8-9706-7FA7D119AC39}.Debug|Any CPU.Build.0 = Debug|Any CPU
		{DD254D70-ED23-42D8-9706-7FA7D119AC39}.Release|Any CPU.ActiveCfg = Release|Any CPU
		{DD254D70-ED23-42D8-9706-7FA7D119AC39}.Release|Any CPU.Build.0 = Release|Any CPU
	EndGlobalSection
	GlobalSection(SolutionProperties) = preSolution
		HideSolutionNode = FALSE
	EndGlobalSection
	GlobalSection(ExtensibilityGlobals) = postSolution
		SolutionGuid = {AAD024DF-86A5-44EE-8605-08C8C11B388C}
	EndGlobalSection
EndGlobal
